# This file is autogenerated, do not edit; changes may be undone by the next 'dep ensure'.


[[projects]]
  digest = "1:5bac76509f3a58c157a95bab9ca8c742c1994ce72ae383837f98d487bb9fe9f3"
  name = "github.com/astaxie/beego"
  packages = [
    ".",
    "config",
    "context",
    "context/param",
    "grace",
    "logs",
    "session",
    "toolbox",
    "utils",
  ]
  pruneopts = "UT"
  revision = "1b6edafc96ad27b6515fafeccd7339dda3e997b1"
  version = "v1.11.1"

[[projects]]
  branch = "master"
  digest = "1:b2053de4c39d236599a3166062f690121620f5e266735689a63cbadf6159f4db"
  name = "github.com/beego/samples"
  packages = [
    "todo/controllers",
    "todo/models",
  ]
  pruneopts = "UT"
  revision = "1c696ee4905b2b12edf7d7dc451220bc838c1296"

[[projects]]
  digest = "1:a2057c5b6feb8feb081ce9987f0e4d0713c6b3a6d3824900e35750f349223a25"
  name = "golang.org/x/crypto"
  packages = [
    "acme",
    "acme/autocert",
  ]
  pruneopts = "UT"
  revision = "c126467f60eb25f8f27e5a981f32a87e3965053f"

[[projects]]
  digest = "1:342378ac4dcb378a5448dd723f0784ae519383532f5e70ade24132c4c8693202"
  name = "gopkg.in/yaml.v2"
  packages = ["."]
  pruneopts = "UT"
  revision = "5420a8b6744d3b0345ab293f6fcba19c978f1183"
  version = "v2.2.1"

[solve-meta]
  analyzer-name = "dep"
  analyzer-version = 1
  input-imports = [
    "github.com/astaxie/beego",
    "github.com/beego/samples/todo/controllers",
    "github.com/beego/samples/todo/models",
  ]
  solver-name = "gps-cdcl"
  solver-version = 1
